{
  "name": "playwright-mocha-playground",
  "version": "0.0.1",
  "lockfileVersion": 1,
  "requires": true,
  "dependencies": {
    "@types/assert": {
      "version": "1.5.1",
      "resolved": "https://registry.npmjs.org/@types/assert/-/assert-1.5.1.tgz",
      "integrity": "sha512-W34OXyUAXEg0IvkMBr6WHTsvxh4veqNVJJGni/6pp13BabT/nuiEtUVkf+EYo8FIT4CQSVYfZ05XtUo5nRSWfQ==",
      "dev": true
    },
    "@types/mocha": {
      "version": "8.0.1",
      "resolved": "https://registry.npmjs.org/@types/mocha/-/mocha-8.0.1.tgz",
      "integrity": "sha512-TBZ6YdX7IZz4U9/mBoB8zCMRN1vXw8QdihRcZxD3I0Cv/r8XF8RggZ8WiXFws4aj5atzRR5hJrYer7g8nXwpnQ==",
      "dev": true
    }
  }
}
